// !$*UTF8*$!
{
	archiveVersion = 1;
	classes = {
	};
	objectVersion = 56;
	objects = {

/* Begin PBXBuildFile section */
		6F193EC82B7E65A8B20697F0 /* Pods_GameSphere.framework in Frameworks */ = {isa = PBXBuildFile; fileRef = 6FA3867EABFBB22463F2DCDD /* Pods_GameSphere.framework */; };
		E00C4B772A23C53F004EA2F2 /* LoginViewModel.swift in Sources */ = {isa = PBXBuildFile; fileRef = E00C4B762A23C53F004EA2F2 /* LoginViewModel.swift */; };
		E0147C192A37C6B700DD094E /* UserService.swift in Sources */ = {isa = PBXBuildFile; fileRef = E0147C182A37C6B700DD094E /* UserService.swift */; };
		E01C36192A379D7700EC8FBA /* ForgotPasswordController.swift in Sources */ = {isa = PBXBuildFile; fileRef = E01C36182A379D7700EC8FBA /* ForgotPasswordController.swift */; };
		E01C361B2A379DA700EC8FBA /* ForgotPasswordViewModel.swift in Sources */ = {isa = PBXBuildFile; fileRef = E01C361A2A379DA700EC8FBA /* ForgotPasswordViewModel.swift */; };
		E02A3C9F2A1D3354004D536F /* AppDelegate.swift in Sources */ = {isa = PBXBuildFile; fileRef = E02A3C9E2A1D3354004D536F /* AppDelegate.swift */; };
		E02A3CA12A1D3354004D536F /* SceneDelegate.swift in Sources */ = {isa = PBXBuildFile; fileRef = E02A3CA02A1D3354004D536F /* SceneDelegate.swift */; };
		E02A3CA62A1D3354004D536F /* Main.storyboard in Resources */ = {isa = PBXBuildFile; fileRef = E02A3CA42A1D3354004D536F /* Main.storyboard */; };
		E02A3CA82A1D3355004D536F /* Assets.xcassets in Resources */ = {isa = PBXBuildFile; fileRef = E02A3CA72A1D3355004D536F /* Assets.xcassets */; };
		E02A3CAB2A1D3355004D536F /* LaunchScreen.storyboard in Resources */ = {isa = PBXBuildFile; fileRef = E02A3CA92A1D3355004D536F /* LaunchScreen.storyboard */; };
		E02A3CB62A1D3355004D536F /* GameSphereTests.swift in Sources */ = {isa = PBXBuildFile; fileRef = E02A3CB52A1D3355004D536F /* GameSphereTests.swift */; };
		E02A3CC02A1D3355004D536F /* GameSphereUITests.swift in Sources */ = {isa = PBXBuildFile; fileRef = E02A3CBF2A1D3355004D536F /* GameSphereUITests.swift */; };
		E02A3CC22A1D3355004D536F /* GameSphereUITestsLaunchTests.swift in Sources */ = {isa = PBXBuildFile; fileRef = E02A3CC12A1D3355004D536F /* GameSphereUITestsLaunchTests.swift */; };
		E02A3CD42A1D3AE8004D536F /* LoginController.swift in Sources */ = {isa = PBXBuildFile; fileRef = E02A3CD32A1D3AE8004D536F /* LoginController.swift */; };
		E03984FE2A1E61AB00B66470 /* RegistrationController.swift in Sources */ = {isa = PBXBuildFile; fileRef = E03984FD2A1E61AB00B66470 /* RegistrationController.swift */; };
		E04E97E62A34B661009DC8CF /* MainTabViewModel.swift in Sources */ = {isa = PBXBuildFile; fileRef = E04E97E52A34B661009DC8CF /* MainTabViewModel.swift */; };
		E051E4892A1D4A030070D725 /* Extensions.swift in Sources */ = {isa = PBXBuildFile; fileRef = E051E4882A1D4A030070D725 /* Extensions.swift */; };
		E051E48B2A1D51110070D725 /* Utilities.swift in Sources */ = {isa = PBXBuildFile; fileRef = E051E48A2A1D51110070D725 /* Utilities.swift */; };
		E0524E992A390F9F00DD2DA0 /* GoogleService-Info.plist in Resources */ = {isa = PBXBuildFile; fileRef = E0524E982A390F9F00DD2DA0 /* GoogleService-Info.plist */; };
		E054A1DA2A2FD8C800955D7C /* Constants.swift in Sources */ = {isa = PBXBuildFile; fileRef = E054A1D92A2FD8C800955D7C /* Constants.swift */; };
		E05516452A361F9E00F3CB72 /* LoadingIndicator.swift in Sources */ = {isa = PBXBuildFile; fileRef = E05516442A361F9E00F3CB72 /* LoadingIndicator.swift */; };
		E07DFB812A22FCED00C68881 /* RegistrationViewModel.swift in Sources */ = {isa = PBXBuildFile; fileRef = E07DFB802A22FCED00C68881 /* RegistrationViewModel.swift */; };
		E07DFB842A22FFA200C68881 /* SnapKit in Frameworks */ = {isa = PBXBuildFile; productRef = E07DFB832A22FFA200C68881 /* SnapKit */; };
		E0904EDC2A3384200072FCAD /* MainTabController.swift in Sources */ = {isa = PBXBuildFile; fileRef = E0904EDB2A3384200072FCAD /* MainTabController.swift */; };
		E0904EDE2A3385150072FCAD /* FeedController.swift in Sources */ = {isa = PBXBuildFile; fileRef = E0904EDD2A3385150072FCAD /* FeedController.swift */; };
		E0904EE02A3387470072FCAD /* ExploreController.swift in Sources */ = {isa = PBXBuildFile; fileRef = E0904EDF2A3387470072FCAD /* ExploreController.swift */; };
		E0904EE22A338B4E0072FCAD /* NotificationController.swift in Sources */ = {isa = PBXBuildFile; fileRef = E0904EE12A338B4E0072FCAD /* NotificationController.swift */; };
		E095B52A2A22911100659C89 /* .gitignore in Resources */ = {isa = PBXBuildFile; fileRef = E095B5292A22911100659C89 /* .gitignore */; };
		E09EAC7D2A35305A00332716 /* ConversationController.swift in Sources */ = {isa = PBXBuildFile; fileRef = E09EAC7C2A35305A00332716 /* ConversationController.swift */; };
		E0A341B72A22A1A600A28F8A /* User.swift in Sources */ = {isa = PBXBuildFile; fileRef = E0A341B62A22A1A600A28F8A /* User.swift */; };
		E0CA40CB2A3A50E50098804D /* UploadPostController.swift in Sources */ = {isa = PBXBuildFile; fileRef = E0CA40CA2A3A50E50098804D /* UploadPostController.swift */; };
/* End PBXBuildFile section */

/* Begin PBXContainerItemProxy section */
		E02A3CB22A1D3355004D536F /* PBXContainerItemProxy */ = {
			isa = PBXContainerItemProxy;
			containerPortal = E02A3C932A1D3354004D536F /* Project object */;
			proxyType = 1;
			remoteGlobalIDString = E02A3C9A2A1D3354004D536F;
			remoteInfo = GameSphere;
		};
		E02A3CBC2A1D3355004D536F /* PBXContainerItemProxy */ = {
			isa = PBXContainerItemProxy;
			containerPortal = E02A3C932A1D3354004D536F /* Project object */;
			proxyType = 1;
			remoteGlobalIDString = E02A3C9A2A1D3354004D536F;
			remoteInfo = GameSphere;
		};
/* End PBXContainerItemProxy section */

/* Begin PBXFileReference section */
		4151C4273880C009D76000AC /* Pods-GameSphere.release.xcconfig */ = {isa = PBXFileReference; includeInIndex = 1; lastKnownFileType = text.xcconfig; name = "Pods-GameSphere.release.xcconfig"; path = "Target Support Files/Pods-GameSphere/Pods-GameSphere.release.xcconfig"; sourceTree = "<group>"; };
		6FA3867EABFBB22463F2DCDD /* Pods_GameSphere.framework */ = {isa = PBXFileReference; explicitFileType = wrapper.framework; includeInIndex = 0; path = Pods_GameSphere.framework; sourceTree = BUILT_PRODUCTS_DIR; };
		C0C0B4276F579F3E296ABF0C /* Pods-GameSphere.debug.xcconfig */ = {isa = PBXFileReference; includeInIndex = 1; lastKnownFileType = text.xcconfig; name = "Pods-GameSphere.debug.xcconfig"; path = "Target Support Files/Pods-GameSphere/Pods-GameSphere.debug.xcconfig"; sourceTree = "<group>"; };
		E00C4B762A23C53F004EA2F2 /* LoginViewModel.swift */ = {isa = PBXFileReference; lastKnownFileType = sourcecode.swift; path = LoginViewModel.swift; sourceTree = "<group>"; };
		E0147C182A37C6B700DD094E /* UserService.swift */ = {isa = PBXFileReference; lastKnownFileType = sourcecode.swift; path = UserService.swift; sourceTree = "<group>"; };
		E01C36182A379D7700EC8FBA /* ForgotPasswordController.swift */ = {isa = PBXFileReference; lastKnownFileType = sourcecode.swift; path = ForgotPasswordController.swift; sourceTree = "<group>"; };
		E01C361A2A379DA700EC8FBA /* ForgotPasswordViewModel.swift */ = {isa = PBXFileReference; lastKnownFileType = sourcecode.swift; path = ForgotPasswordViewModel.swift; sourceTree = "<group>"; };
		E02A3C9B2A1D3354004D536F /* GameSphere.app */ = {isa = PBXFileReference; explicitFileType = wrapper.application; includeInIndex = 0; path = GameSphere.app; sourceTree = BUILT_PRODUCTS_DIR; };
		E02A3C9E2A1D3354004D536F /* AppDelegate.swift */ = {isa = PBXFileReference; lastKnownFileType = sourcecode.swift; path = AppDelegate.swift; sourceTree = "<group>"; };
		E02A3CA02A1D3354004D536F /* SceneDelegate.swift */ = {isa = PBXFileReference; lastKnownFileType = sourcecode.swift; path = SceneDelegate.swift; sourceTree = "<group>"; };
		E02A3CA52A1D3354004D536F /* Base */ = {isa = PBXFileReference; lastKnownFileType = file.storyboard; name = Base; path = Base.lproj/Main.storyboard; sourceTree = "<group>"; };
		E02A3CA72A1D3355004D536F /* Assets.xcassets */ = {isa = PBXFileReference; lastKnownFileType = folder.assetcatalog; path = Assets.xcassets; sourceTree = "<group>"; };
		E02A3CAA2A1D3355004D536F /* Base */ = {isa = PBXFileReference; lastKnownFileType = file.storyboard; name = Base; path = Base.lproj/LaunchScreen.storyboard; sourceTree = "<group>"; };
		E02A3CAC2A1D3355004D536F /* Info.plist */ = {isa = PBXFileReference; lastKnownFileType = text.plist.xml; path = Info.plist; sourceTree = "<group>"; };
		E02A3CB12A1D3355004D536F /* GameSphereTests.xctest */ = {isa = PBXFileReference; explicitFileType = wrapper.cfbundle; includeInIndex = 0; path = GameSphereTests.xctest; sourceTree = BUILT_PRODUCTS_DIR; };
		E02A3CB52A1D3355004D536F /* GameSphereTests.swift */ = {isa = PBXFileReference; lastKnownFileType = sourcecode.swift; path = GameSphereTests.swift; sourceTree = "<group>"; };
		E02A3CBB2A1D3355004D536F /* GameSphereUITests.xctest */ = {isa = PBXFileReference; explicitFileType = wrapper.cfbundle; includeInIndex = 0; path = GameSphereUITests.xctest; sourceTree = BUILT_PRODUCTS_DIR; };
		E02A3CBF2A1D3355004D536F /* GameSphereUITests.swift */ = {isa = PBXFileReference; lastKnownFileType = sourcecode.swift; path = GameSphereUITests.swift; sourceTree = "<group>"; };
		E02A3CC12A1D3355004D536F /* GameSphereUITestsLaunchTests.swift */ = {isa = PBXFileReference; lastKnownFileType = sourcecode.swift; path = GameSphereUITestsLaunchTests.swift; sourceTree = "<group>"; };
		E02A3CD32A1D3AE8004D536F /* LoginController.swift */ = {isa = PBXFileReference; lastKnownFileType = sourcecode.swift; path = LoginController.swift; sourceTree = "<group>"; };
		E03984FD2A1E61AB00B66470 /* RegistrationController.swift */ = {isa = PBXFileReference; lastKnownFileType = sourcecode.swift; path = RegistrationController.swift; sourceTree = "<group>"; };
		E04E97E52A34B661009DC8CF /* MainTabViewModel.swift */ = {isa = PBXFileReference; lastKnownFileType = sourcecode.swift; path = MainTabViewModel.swift; sourceTree = "<group>"; };
		E051E4882A1D4A030070D725 /* Extensions.swift */ = {isa = PBXFileReference; lastKnownFileType = sourcecode.swift; path = Extensions.swift; sourceTree = "<group>"; };
		E051E48A2A1D51110070D725 /* Utilities.swift */ = {isa = PBXFileReference; lastKnownFileType = sourcecode.swift; path = Utilities.swift; sourceTree = "<group>"; };
		E0524E982A390F9F00DD2DA0 /* GoogleService-Info.plist */ = {isa = PBXFileReference; fileEncoding = 4; lastKnownFileType = text.plist.xml; path = "GoogleService-Info.plist"; sourceTree = "<group>"; };
		E054A1D92A2FD8C800955D7C /* Constants.swift */ = {isa = PBXFileReference; lastKnownFileType = sourcecode.swift; path = Constants.swift; sourceTree = "<group>"; };
		E05516442A361F9E00F3CB72 /* LoadingIndicator.swift */ = {isa = PBXFileReference; lastKnownFileType = sourcecode.swift; path = LoadingIndicator.swift; sourceTree = "<group>"; };
		E07DFB802A22FCED00C68881 /* RegistrationViewModel.swift */ = {isa = PBXFileReference; lastKnownFileType = sourcecode.swift; path = RegistrationViewModel.swift; sourceTree = "<group>"; };
		E0904EDB2A3384200072FCAD /* MainTabController.swift */ = {isa = PBXFileReference; lastKnownFileType = sourcecode.swift; path = MainTabController.swift; sourceTree = "<group>"; };
		E0904EDD2A3385150072FCAD /* FeedController.swift */ = {isa = PBXFileReference; lastKnownFileType = sourcecode.swift; path = FeedController.swift; sourceTree = "<group>"; };
		E0904EDF2A3387470072FCAD /* ExploreController.swift */ = {isa = PBXFileReference; lastKnownFileType = sourcecode.swift; path = ExploreController.swift; sourceTree = "<group>"; };
		E0904EE12A338B4E0072FCAD /* NotificationController.swift */ = {isa = PBXFileReference; lastKnownFileType = sourcecode.swift; path = NotificationController.swift; sourceTree = "<group>"; };
		E095B5292A22911100659C89 /* .gitignore */ = {isa = PBXFileReference; lastKnownFileType = text; path = .gitignore; sourceTree = "<group>"; };
		E09EAC7C2A35305A00332716 /* ConversationController.swift */ = {isa = PBXFileReference; lastKnownFileType = sourcecode.swift; path = ConversationController.swift; sourceTree = "<group>"; };
		E0A341B62A22A1A600A28F8A /* User.swift */ = {isa = PBXFileReference; lastKnownFileType = sourcecode.swift; path = User.swift; sourceTree = "<group>"; };
		E0CA40CA2A3A50E50098804D /* UploadPostController.swift */ = {isa = PBXFileReference; lastKnownFileType = sourcecode.swift; path = UploadPostController.swift; sourceTree = "<group>"; };
/* End PBXFileReference section */

/* Begin PBXFrameworksBuildPhase section */
		E02A3C982A1D3354004D536F /* Frameworks */ = {
			isa = PBXFrameworksBuildPhase;
			buildActionMask = 2147483647;
			files = (
				6F193EC82B7E65A8B20697F0 /* Pods_GameSphere.framework in Frameworks */,
				E07DFB842A22FFA200C68881 /* SnapKit in Frameworks */,
			);
			runOnlyForDeploymentPostprocessing = 0;
		};
		E02A3CAE2A1D3355004D536F /* Frameworks */ = {
			isa = PBXFrameworksBuildPhase;
			buildActionMask = 2147483647;
			files = (
			);
			runOnlyForDeploymentPostprocessing = 0;
		};
		E02A3CB82A1D3355004D536F /* Frameworks */ = {
			isa = PBXFrameworksBuildPhase;
			buildActionMask = 2147483647;
			files = (
			);
			runOnlyForDeploymentPostprocessing = 0;
		};
/* End PBXFrameworksBuildPhase section */

/* Begin PBXGroup section */
		B4052781D878304E3AD3355C /* Frameworks */ = {
			isa = PBXGroup;
			children = (
				6FA3867EABFBB22463F2DCDD /* Pods_GameSphere.framework */,
			);
			name = Frameworks;
			sourceTree = "<group>";
		};
		DDE85ECE0E59C6F0F871E4D4 /* Pods */ = {
			isa = PBXGroup;
			children = (
				C0C0B4276F579F3E296ABF0C /* Pods-GameSphere.debug.xcconfig */,
				4151C4273880C009D76000AC /* Pods-GameSphere.release.xcconfig */,
			);
			path = Pods;
			sourceTree = "<group>";
		};
		E02A3C922A1D3354004D536F = {
			isa = PBXGroup;
			children = (
				E02A3C9D2A1D3354004D536F /* GameSphere */,
				E02A3CB42A1D3355004D536F /* GameSphereTests */,
				E02A3CBE2A1D3355004D536F /* GameSphereUITests */,
				E02A3C9C2A1D3354004D536F /* Products */,
				DDE85ECE0E59C6F0F871E4D4 /* Pods */,
				B4052781D878304E3AD3355C /* Frameworks */,
			);
			sourceTree = "<group>";
		};
		E02A3C9C2A1D3354004D536F /* Products */ = {
			isa = PBXGroup;
			children = (
				E02A3C9B2A1D3354004D536F /* GameSphere.app */,
				E02A3CB12A1D3355004D536F /* GameSphereTests.xctest */,
				E02A3CBB2A1D3355004D536F /* GameSphereUITests.xctest */,
			);
			name = Products;
			sourceTree = "<group>";
		};
		E02A3C9D2A1D3354004D536F /* GameSphere */ = {
			isa = PBXGroup;
			children = (
				E051E4872A1D49F00070D725 /* Utils */,
				E02A3CD02A1D37E5004D536F /* ViewModel */,
				E02A3CCF2A1D37DB004D536F /* Model */,
				E02A3CCE2A1D37D3004D536F /* View */,
				E02A3C9E2A1D3354004D536F /* AppDelegate.swift */,
				E02A3CA02A1D3354004D536F /* SceneDelegate.swift */,
				E02A3CA42A1D3354004D536F /* Main.storyboard */,
				E02A3CA72A1D3355004D536F /* Assets.xcassets */,
				E02A3CA92A1D3355004D536F /* LaunchScreen.storyboard */,
				E0524E982A390F9F00DD2DA0 /* GoogleService-Info.plist */,
				E02A3CAC2A1D3355004D536F /* Info.plist */,
				E095B5292A22911100659C89 /* .gitignore */,
			);
			path = GameSphere;
			sourceTree = "<group>";
		};
		E02A3CB42A1D3355004D536F /* GameSphereTests */ = {
			isa = PBXGroup;
			children = (
				E02A3CB52A1D3355004D536F /* GameSphereTests.swift */,
			);
			path = GameSphereTests;
			sourceTree = "<group>";
		};
		E02A3CBE2A1D3355004D536F /* GameSphereUITests */ = {
			isa = PBXGroup;
			children = (
				E02A3CBF2A1D3355004D536F /* GameSphereUITests.swift */,
				E02A3CC12A1D3355004D536F /* GameSphereUITestsLaunchTests.swift */,
			);
			path = GameSphereUITests;
			sourceTree = "<group>";
		};
		E02A3CCE2A1D37D3004D536F /* View */ = {
			isa = PBXGroup;
			children = (
				E02A3CD22A1D3A20004D536F /* Authenticator */,
				E0904EDB2A3384200072FCAD /* MainTabController.swift */,
				E0904EDD2A3385150072FCAD /* FeedController.swift */,
				E0904EDF2A3387470072FCAD /* ExploreController.swift */,
				E0904EE12A338B4E0072FCAD /* NotificationController.swift */,
				E09EAC7C2A35305A00332716 /* ConversationController.swift */,
				E0CA40CA2A3A50E50098804D /* UploadPostController.swift */,
			);
			name = View;
			sourceTree = "<group>";
		};
		E02A3CCF2A1D37DB004D536F /* Model */ = {
			isa = PBXGroup;
			children = (
				E0A341B62A22A1A600A28F8A /* User.swift */,
				E0147C182A37C6B700DD094E /* UserService.swift */,
			);
			name = Model;
			sourceTree = "<group>";
		};
		E02A3CD02A1D37E5004D536F /* ViewModel */ = {
			isa = PBXGroup;
			children = (
				E07DFB802A22FCED00C68881 /* RegistrationViewModel.swift */,
				E00C4B762A23C53F004EA2F2 /* LoginViewModel.swift */,
				E04E97E52A34B661009DC8CF /* MainTabViewModel.swift */,
				E01C361A2A379DA700EC8FBA /* ForgotPasswordViewModel.swift */,
			);
			name = ViewModel;
			sourceTree = "<group>";
		};
		E02A3CD22A1D3A20004D536F /* Authenticator */ = {
			isa = PBXGroup;
			children = (
				E02A3CD32A1D3AE8004D536F /* LoginController.swift */,
				E03984FD2A1E61AB00B66470 /* RegistrationController.swift */,
				E01C36182A379D7700EC8FBA /* ForgotPasswordController.swift */,
			);
			name = Authenticator;
			sourceTree = "<group>";
		};
		E051E4872A1D49F00070D725 /* Utils */ = {
			isa = PBXGroup;
			children = (
				E051E4882A1D4A030070D725 /* Extensions.swift */,
				E051E48A2A1D51110070D725 /* Utilities.swift */,
				E054A1D92A2FD8C800955D7C /* Constants.swift */,
				E05516442A361F9E00F3CB72 /* LoadingIndicator.swift */,
			);
			name = Utils;
			sourceTree = "<group>";
		};
/* End PBXGroup section */

/* Begin PBXNativeTarget section */
		E02A3C9A2A1D3354004D536F /* GameSphere */ = {
			isa = PBXNativeTarget;
			buildConfigurationList = E02A3CC52A1D3355004D536F /* Build configuration list for PBXNativeTarget "GameSphere" */;
			buildPhases = (
				B3A1F8171D10BA89364B8DB3 /* [CP] Check Pods Manifest.lock */,
				E02A3C972A1D3354004D536F /* Sources */,
				E02A3C982A1D3354004D536F /* Frameworks */,
				E02A3C992A1D3354004D536F /* Resources */,
				834ADBB1A1895912E866CC76 /* [CP] Embed Pods Frameworks */,
			);
			buildRules = (
			);
			dependencies = (
			);
			name = GameSphere;
			packageProductDependencies = (
				E07DFB832A22FFA200C68881 /* SnapKit */,
			);
			productName = GameSphere;
			productReference = E02A3C9B2A1D3354004D536F /* GameSphere.app */;
			productType = "com.apple.product-type.application";
		};
		E02A3CB02A1D3355004D536F /* GameSphereTests */ = {
			isa = PBXNativeTarget;
			buildConfigurationList = E02A3CC82A1D3355004D536F /* Build configuration list for PBXNativeTarget "GameSphereTests" */;
			buildPhases = (
				E02A3CAD2A1D3355004D536F /* Sources */,
				E02A3CAE2A1D3355004D536F /* Frameworks */,
				E02A3CAF2A1D3355004D536F /* Resources */,
			);
			buildRules = (
			);
			dependencies = (
				E02A3CB32A1D3355004D536F /* PBXTargetDependency */,
			);
			name = GameSphereTests;
			productName = GameSphereTests;
			productReference = E02A3CB12A1D3355004D536F /* GameSphereTests.xctest */;
			productType = "com.apple.product-type.bundle.unit-test";
		};
		E02A3CBA2A1D3355004D536F /* GameSphereUITests */ = {
			isa = PBXNativeTarget;
			buildConfigurationList = E02A3CCB2A1D3355004D536F /* Build configuration list for PBXNativeTarget "GameSphereUITests" */;
			buildPhases = (
				E02A3CB72A1D3355004D536F /* Sources */,
				E02A3CB82A1D3355004D536F /* Frameworks */,
				E02A3CB92A1D3355004D536F /* Resources */,
			);
			buildRules = (
			);
			dependencies = (
				E02A3CBD2A1D3355004D536F /* PBXTargetDependency */,
			);
			name = GameSphereUITests;
			productName = GameSphereUITests;
			productReference = E02A3CBB2A1D3355004D536F /* GameSphereUITests.xctest */;
			productType = "com.apple.product-type.bundle.ui-testing";
		};
/* End PBXNativeTarget section */

/* Begin PBXProject section */
		E02A3C932A1D3354004D536F /* Project object */ = {
			isa = PBXProject;
			attributes = {
				BuildIndependentTargetsInParallel = 1;
				LastSwiftUpdateCheck = 1420;
				LastUpgradeCheck = 1420;
				TargetAttributes = {
					E02A3C9A2A1D3354004D536F = {
						CreatedOnToolsVersion = 14.2;
					};
					E02A3CB02A1D3355004D536F = {
						CreatedOnToolsVersion = 14.2;
						TestTargetID = E02A3C9A2A1D3354004D536F;
					};
					E02A3CBA2A1D3355004D536F = {
						CreatedOnToolsVersion = 14.2;
						TestTargetID = E02A3C9A2A1D3354004D536F;
					};
				};
			};
			buildConfigurationList = E02A3C962A1D3354004D536F /* Build configuration list for PBXProject "GameSphere" */;
			compatibilityVersion = "Xcode 14.0";
			developmentRegion = en;
			hasScannedForEncodings = 0;
			knownRegions = (
				en,
				Base,
			);
			mainGroup = E02A3C922A1D3354004D536F;
			packageReferences = (
				E07DFB822A22FFA200C68881 /* XCRemoteSwiftPackageReference "SnapKit" */,
			);
			productRefGroup = E02A3C9C2A1D3354004D536F /* Products */;
			projectDirPath = "";
			projectRoot = "";
			targets = (
				E02A3C9A2A1D3354004D536F /* GameSphere */,
				E02A3CB02A1D3355004D536F /* GameSphereTests */,
				E02A3CBA2A1D3355004D536F /* GameSphereUITests */,
			);
		};
/* End PBXProject section */

/* Begin PBXResourcesBuildPhase section */
		E02A3C992A1D3354004D536F /* Resources */ = {
			isa = PBXResourcesBuildPhase;
			buildActionMask = 2147483647;
			files = (
				E095B52A2A22911100659C89 /* .gitignore in Resources */,
				E02A3CAB2A1D3355004D536F /* LaunchScreen.storyboard in Resources */,
				E0524E992A390F9F00DD2DA0 /* GoogleService-Info.plist in Resources */,
				E02A3CA82A1D3355004D536F /* Assets.xcassets in Resources */,
				E02A3CA62A1D3354004D536F /* Main.storyboard in Resources */,
			);
			runOnlyForDeploymentPostprocessing = 0;
		};
		E02A3CAF2A1D3355004D536F /* Resources */ = {
			isa = PBXResourcesBuildPhase;
			buildActionMask = 2147483647;
			files = (
			);
			runOnlyForDeploymentPostprocessing = 0;
		};
		E02A3CB92A1D3355004D536F /* Resources */ = {
			isa = PBXResourcesBuildPhase;
			buildActionMask = 2147483647;
			files = (
			);
			runOnlyForDeploymentPostprocessing = 0;
		};
/* End PBXResourcesBuildPhase section */

/* Begin PBXShellScriptBuildPhase section */
		834ADBB1A1895912E866CC76 /* [CP] Embed Pods Frameworks */ = {
			isa = PBXShellScriptBuildPhase;
			buildActionMask = 2147483647;
			files = (
			);
			inputFileListPaths = (
				"${PODS_ROOT}/Target Support Files/Pods-GameSphere/Pods-GameSphere-frameworks-${CONFIGURATION}-input-files.xcfilelist",
			);
			name = "[CP] Embed Pods Frameworks";
			outputFileListPaths = (
				"${PODS_ROOT}/Target Support Files/Pods-GameSphere/Pods-GameSphere-frameworks-${CONFIGURATION}-output-files.xcfilelist",
			);
			runOnlyForDeploymentPostprocessing = 0;
			shellPath = /bin/sh;
			shellScript = "\"${PODS_ROOT}/Target Support Files/Pods-GameSphere/Pods-GameSphere-frameworks.sh\"\n";
			showEnvVarsInLog = 0;
		};
		B3A1F8171D10BA89364B8DB3 /* [CP] Check Pods Manifest.lock */ = {
			isa = PBXShellScriptBuildPhase;
			buildActionMask = 2147483647;
			files = (
			);
			inputFileListPaths = (
			);
			inputPaths = (
				"${PODS_PODFILE_DIR_PATH}/Podfile.lock",
				"${PODS_ROOT}/Manifest.lock",
			);
			name = "[CP] Check Pods Manifest.lock";
			outputFileListPaths = (
			);
			outputPaths = (
				"$(DERIVED_FILE_DIR)/Pods-GameSphere-checkManifestLockResult.txt",
			);
			runOnlyForDeploymentPostprocessing = 0;
			shellPath = /bin/sh;
			shellScript = "diff \"${PODS_PODFILE_DIR_PATH}/Podfile.lock\" \"${PODS_ROOT}/Manifest.lock\" > /dev/null\nif [ $? != 0 ] ; then\n    # print error to STDERR\n    echo \"error: The sandbox is not in sync with the Podfile.lock. Run 'pod install' or update your CocoaPods installation.\" >&2\n    exit 1\nfi\n# This output is used by Xcode 'outputs' to avoid re-running this script phase.\necho \"SUCCESS\" > \"${SCRIPT_OUTPUT_FILE_0}\"\n";
			showEnvVarsInLog = 0;
		};
/* End PBXShellScriptBuildPhase section */

/* Begin PBXSourcesBuildPhase section */
		E02A3C972A1D3354004D536F /* Sources */ = {
			isa = PBXSourcesBuildPhase;
			buildActionMask = 2147483647;
			files = (
				E02A3CD42A1D3AE8004D536F /* LoginController.swift in Sources */,
				E02A3C9F2A1D3354004D536F /* AppDelegate.swift in Sources */,
				E02A3CA12A1D3354004D536F /* SceneDelegate.swift in Sources */,
				E0904EE02A3387470072FCAD /* ExploreController.swift in Sources */,
				E051E48B2A1D51110070D725 /* Utilities.swift in Sources */,
				E05516452A361F9E00F3CB72 /* LoadingIndicator.swift in Sources */,
				E03984FE2A1E61AB00B66470 /* RegistrationController.swift in Sources */,
				E0CA40CB2A3A50E50098804D /* UploadPostController.swift in Sources */,
				E09EAC7D2A35305A00332716 /* ConversationController.swift in Sources */,
				E01C361B2A379DA700EC8FBA /* ForgotPasswordViewModel.swift in Sources */,
				E054A1DA2A2FD8C800955D7C /* Constants.swift in Sources */,
				E07DFB812A22FCED00C68881 /* RegistrationViewModel.swift in Sources */,
				E04E97E62A34B661009DC8CF /* MainTabViewModel.swift in Sources */,
				E0904EDE2A3385150072FCAD /* FeedController.swift in Sources */,
				E051E4892A1D4A030070D725 /* Extensions.swift in Sources */,
				E01C36192A379D7700EC8FBA /* ForgotPasswordController.swift in Sources */,
				E0904EE22A338B4E0072FCAD /* NotificationController.swift in Sources */,
				E0147C192A37C6B700DD094E /* UserService.swift in Sources */,
				E0904EDC2A3384200072FCAD /* MainTabController.swift in Sources */,
				E0A341B72A22A1A600A28F8A /* User.swift in Sources */,
				E00C4B772A23C53F004EA2F2 /* LoginViewModel.swift in Sources */,
			);
			runOnlyForDeploymentPostprocessing = 0;
		};
		E02A3CAD2A1D3355004D536F /* Sources */ = {
			isa = PBXSourcesBuildPhase;
			buildActionMask = 2147483647;
			files = (
				E02A3CB62A1D3355004D536F /* GameSphereTests.swift in Sources */,
			);
			runOnlyForDeploymentPostprocessing = 0;
		};
		E02A3CB72A1D3355004D536F /* Sources */ = {
			isa = PBXSourcesBuildPhase;
			buildActionMask = 2147483647;
			files = (
				E02A3CC02A1D3355004D536F /* GameSphereUITests.swift in Sources */,
				E02A3CC22A1D3355004D536F /* GameSphereUITestsLaunchTests.swift in Sources */,
			);
			runOnlyForDeploymentPostprocessing = 0;
		};
/* End PBXSourcesBuildPhase section */

/* Begin PBXTargetDependency section */
		E02A3CB32A1D3355004D536F /* PBXTargetDependency */ = {
			isa = PBXTargetDependency;
			target = E02A3C9A2A1D3354004D536F /* GameSphere */;
			targetProxy = E02A3CB22A1D3355004D536F /* PBXContainerItemProxy */;
		};
		E02A3CBD2A1D3355004D536F /* PBXTargetDependency */ = {
			isa = PBXTargetDependency;
			target = E02A3C9A2A1D3354004D536F /* GameSphere */;
			targetProxy = E02A3CBC2A1D3355004D536F /* PBXContainerItemProxy */;
		};
/* End PBXTargetDependency section */

/* Begin PBXVariantGroup section */
		E02A3CA42A1D3354004D536F /* Main.storyboard */ = {
			isa = PBXVariantGroup;
			children = (
				E02A3CA52A1D3354004D536F /* Base */,
			);
			name = Main.storyboard;
			sourceTree = "<group>";
		};
		E02A3CA92A1D3355004D536F /* LaunchScreen.storyboard */ = {
			isa = PBXVariantGroup;
			children = (
				E02A3CAA2A1D3355004D536F /* Base */,
			);
			name = LaunchScreen.storyboard;
			sourceTree = "<group>";
		};
/* End PBXVariantGroup section */

/* Begin XCBuildConfiguration section */
		E02A3CC32A1D3355004D536F /* Debug */ = {
			isa = XCBuildConfiguration;
			buildSettings = {
				ALWAYS_SEARCH_USER_PATHS = NO;
				CLANG_ANALYZER_NONNULL = YES;
				CLANG_ANALYZER_NUMBER_OBJECT_CONVERSION = YES_AGGRESSIVE;
				CLANG_CXX_LANGUAGE_STANDARD = "gnu++20";
				CLANG_ENABLE_MODULES = YES;
				CLANG_ENABLE_OBJC_ARC = YES;
				CLANG_ENABLE_OBJC_WEAK = YES;
				CLANG_WARN_BLOCK_CAPTURE_AUTORELEASING = YES;
				CLANG_WARN_BOOL_CONVERSION = YES;
				CLANG_WARN_COMMA = YES;
				CLANG_WARN_CONSTANT_CONVERSION = YES;
				CLANG_WARN_DEPRECATED_OBJC_IMPLEMENTATIONS = YES;
				CLANG_WARN_DIRECT_OBJC_ISA_USAGE = YES_ERROR;
				CLANG_WARN_DOCUMENTATION_COMMENTS = YES;
				CLANG_WARN_EMPTY_BODY = YES;
				CLANG_WARN_ENUM_CONVERSION = YES;
				CLANG_WARN_INFINITE_RECURSION = YES;
				CLANG_WARN_INT_CONVERSION = YES;
				CLANG_WARN_NON_LITERAL_NULL_CONVERSION = YES;
				CLANG_WARN_OBJC_IMPLICIT_RETAIN_SELF = YES;
				CLANG_WARN_OBJC_LITERAL_CONVERSION = YES;
				CLANG_WARN_OBJC_ROOT_CLASS = YES_ERROR;
				CLANG_WARN_QUOTED_INCLUDE_IN_FRAMEWORK_HEADER = YES;
				CLANG_WARN_RANGE_LOOP_ANALYSIS = YES;
				CLANG_WARN_STRICT_PROTOTYPES = YES;
				CLANG_WARN_SUSPICIOUS_MOVE = YES;
				CLANG_WARN_UNGUARDED_AVAILABILITY = YES_AGGRESSIVE;
				CLANG_WARN_UNREACHABLE_CODE = YES;
				CLANG_WARN__DUPLICATE_METHOD_MATCH = YES;
				COPY_PHASE_STRIP = NO;
				DEBUG_INFORMATION_FORMAT = dwarf;
				ENABLE_STRICT_OBJC_MSGSEND = YES;
				ENABLE_TESTABILITY = YES;
				GCC_C_LANGUAGE_STANDARD = gnu11;
				GCC_DYNAMIC_NO_PIC = NO;
				GCC_NO_COMMON_BLOCKS = YES;
				GCC_OPTIMIZATION_LEVEL = 0;
				GCC_PREPROCESSOR_DEFINITIONS = (
					"DEBUG=1",
					"$(inherited)",
				);
				GCC_WARN_64_TO_32_BIT_CONVERSION = YES;
				GCC_WARN_ABOUT_RETURN_TYPE = YES_ERROR;
				GCC_WARN_UNDECLARED_SELECTOR = YES;
				GCC_WARN_UNINITIALIZED_AUTOS = YES_AGGRESSIVE;
				GCC_WARN_UNUSED_FUNCTION = YES;
				GCC_WARN_UNUSED_VARIABLE = YES;
				IPHONEOS_DEPLOYMENT_TARGET = 16.2;
				MTL_ENABLE_DEBUG_INFO = INCLUDE_SOURCE;
				MTL_FAST_MATH = YES;
				ONLY_ACTIVE_ARCH = YES;
				SDKROOT = iphoneos;
				SWIFT_ACTIVE_COMPILATION_CONDITIONS = DEBUG;
				SWIFT_OPTIMIZATION_LEVEL = "-Onone";
			};
			name = Debug;
		};
		E02A3CC42A1D3355004D536F /* Release */ = {
			isa = XCBuildConfiguration;
			buildSettings = {
				ALWAYS_SEARCH_USER_PATHS = NO;
				CLANG_ANALYZER_NONNULL = YES;
				CLANG_ANALYZER_NUMBER_OBJECT_CONVERSION = YES_AGGRESSIVE;
				CLANG_CXX_LANGUAGE_STANDARD = "gnu++20";
				CLANG_ENABLE_MODULES = YES;
				CLANG_ENABLE_OBJC_ARC = YES;
				CLANG_ENABLE_OBJC_WEAK = YES;
				CLANG_WARN_BLOCK_CAPTURE_AUTORELEASING = YES;
				CLANG_WARN_BOOL_CONVERSION = YES;
				CLANG_WARN_COMMA = YES;
				CLANG_WARN_CONSTANT_CONVERSION = YES;
				CLANG_WARN_DEPRECATED_OBJC_IMPLEMENTATIONS = YES;
				CLANG_WARN_DIRECT_OBJC_ISA_USAGE = YES_ERROR;
				CLANG_WARN_DOCUMENTATION_COMMENTS = YES;
				CLANG_WARN_EMPTY_BODY = YES;
				CLANG_WARN_ENUM_CONVERSION = YES;
				CLANG_WARN_INFINITE_RECURSION = YES;
				CLANG_WARN_INT_CONVERSION = YES;
				CLANG_WARN_NON_LITERAL_NULL_CONVERSION = YES;
				CLANG_WARN_OBJC_IMPLICIT_RETAIN_SELF = YES;
				CLANG_WARN_OBJC_LITERAL_CONVERSION = YES;
				CLANG_WARN_OBJC_ROOT_CLASS = YES_ERROR;
				CLANG_WARN_QUOTED_INCLUDE_IN_FRAMEWORK_HEADER = YES;
				CLANG_WARN_RANGE_LOOP_ANALYSIS = YES;
				CLANG_WARN_STRICT_PROTOTYPES = YES;
				CLANG_WARN_SUSPICIOUS_MOVE = YES;
				CLANG_WARN_UNGUARDED_AVAILABILITY = YES_AGGRESSIVE;
				CLANG_WARN_UNREACHABLE_CODE = YES;
				CLANG_WARN__DUPLICATE_METHOD_MATCH = YES;
				COPY_PHASE_STRIP = NO;
				DEBUG_INFORMATION_FORMAT = "dwarf-with-dsym";
				ENABLE_NS_ASSERTIONS = NO;
				ENABLE_STRICT_OBJC_MSGSEND = YES;
				GCC_C_LANGUAGE_STANDARD = gnu11;
				GCC_NO_COMMON_BLOCKS = YES;
				GCC_WARN_64_TO_32_BIT_CONVERSION = YES;
				GCC_WARN_ABOUT_RETURN_TYPE = YES_ERROR;
				GCC_WARN_UNDECLARED_SELECTOR = YES;
				GCC_WARN_UNINITIALIZED_AUTOS = YES_AGGRESSIVE;
				GCC_WARN_UNUSED_FUNCTION = YES;
				GCC_WARN_UNUSED_VARIABLE = YES;
				IPHONEOS_DEPLOYMENT_TARGET = 16.2;
				MTL_ENABLE_DEBUG_INFO = NO;
				MTL_FAST_MATH = YES;
				SDKROOT = iphoneos;
				SWIFT_COMPILATION_MODE = wholemodule;
				SWIFT_OPTIMIZATION_LEVEL = "-O";
				VALIDATE_PRODUCT = YES;
			};
			name = Release;
		};
		E02A3CC62A1D3355004D536F /* Debug */ = {
			isa = XCBuildConfiguration;
			baseConfigurationReference = C0C0B4276F579F3E296ABF0C /* Pods-GameSphere.debug.xcconfig */;
			buildSettings = {
				ASSETCATALOG_COMPILER_APPICON_NAME = AppIcon;
				ASSETCATALOG_COMPILER_GLOBAL_ACCENT_COLOR_NAME = AccentColor;
				CODE_SIGN_STYLE = Automatic;
				CURRENT_PROJECT_VERSION = 1;
				GENERATE_INFOPLIST_FILE = YES;
				INFOPLIST_FILE = GameSphere/Info.plist;
				INFOPLIST_KEY_UIApplicationSupportsIndirectInputEvents = YES;
				INFOPLIST_KEY_UILaunchStoryboardName = LaunchScreen;
				INFOPLIST_KEY_UIMainStoryboardFile = Main;
				INFOPLIST_KEY_UISupportedInterfaceOrientations_iPad = "UIInterfaceOrientationPortrait UIInterfaceOrientationPortraitUpsideDown UIInterfaceOrientationLandscapeLeft UIInterfaceOrientationLandscapeRight";
				INFOPLIST_KEY_UISupportedInterfaceOrientations_iPhone = "UIInterfaceOrientationPortrait UIInterfaceOrientationLandscapeLeft UIInterfaceOrientationLandscapeRight";
				LD_RUNPATH_SEARCH_PATHS = (
					"$(inherited)",
					"@executable_path/Frameworks",
				);
				MARKETING_VERSION = 1.0;
				PRODUCT_BUNDLE_IDENTIFIER = com.phlucasfr.GameSphere;
				PRODUCT_NAME = "$(TARGET_NAME)";
				SUPPORTED_PLATFORMS = "iphoneos iphonesimulator";
				SUPPORTS_MACCATALYST = NO;
				SUPPORTS_MAC_DESIGNED_FOR_IPHONE_IPAD = NO;
				SWIFT_EMIT_LOC_STRINGS = YES;
				SWIFT_VERSION = 5.0;
				TARGETED_DEVICE_FAMILY = 1;
			};
			name = Debug;
		};
		E02A3CC72A1D3355004D536F /* Release */ = {
			isa = XCBuildConfiguration;
			baseConfigurationReference = 4151C4273880C009D76000AC /* Pods-GameSphere.release.xcconfig */;
			buildSettings = {
				ASSETCATALOG_COMPILER_APPICON_NAME = AppIcon;
				ASSETCATALOG_COMPILER_GLOBAL_ACCENT_COLOR_NAME = AccentColor;
				CODE_SIGN_STYLE = Automatic;
				CURRENT_PROJECT_VERSION = 1;
				GENERATE_INFOPLIST_FILE = YES;
				INFOPLIST_FILE = GameSphere/Info.plist;
				INFOPLIST_KEY_UIApplicationSupportsIndirectInputEvents = YES;
				INFOPLIST_KEY_UILaunchStoryboardName = LaunchScreen;
				INFOPLIST_KEY_UIMainStoryboardFile = Main;
				INFOPLIST_KEY_UISupportedInterfaceOrientations_iPad = "UIInterfaceOrientationPortrait UIInterfaceOrientationPortraitUpsideDown UIInterfaceOrientationLandscapeLeft UIInterfaceOrientationLandscapeRight";
				INFOPLIST_KEY_UISupportedInterfaceOrientations_iPhone = "UIInterfaceOrientationPortrait UIInterfaceOrientationLandscapeLeft UIInterfaceOrientationLandscapeRight";
				LD_RUNPATH_SEARCH_PATHS = (
					"$(inherited)",
					"@executable_path/Frameworks",
				);
				MARKETING_VERSION = 1.0;
				PRODUCT_BUNDLE_IDENTIFIER = com.phlucasfr.GameSphere;
				PRODUCT_NAME = "$(TARGET_NAME)";
				SUPPORTED_PLATFORMS = "iphoneos iphonesimulator";
				SUPPORTS_MACCATALYST = NO;
				SUPPORTS_MAC_DESIGNED_FOR_IPHONE_IPAD = NO;
				SWIFT_EMIT_LOC_STRINGS = YES;
				SWIFT_VERSION = 5.0;
				TARGETED_DEVICE_FAMILY = 1;
			};
			name = Release;
		};
		E02A3CC92A1D3355004D536F /* Debug */ = {
			isa = XCBuildConfiguration;
			buildSettings = {
				ALWAYS_EMBED_SWIFT_STANDARD_LIBRARIES = YES;
				BUNDLE_LOADER = "$(TEST_HOST)";
				CODE_SIGN_STYLE = Automatic;
				CURRENT_PROJECT_VERSION = 1;
				GENERATE_INFOPLIST_FILE = YES;
				IPHONEOS_DEPLOYMENT_TARGET = 16.2;
				MARKETING_VERSION = 1.0;
				PRODUCT_BUNDLE_IDENTIFIER = com.phlucasfr.GameSphereTests;
				PRODUCT_NAME = "$(TARGET_NAME)";
				SWIFT_EMIT_LOC_STRINGS = NO;
				SWIFT_VERSION = 5.0;
				TARGETED_DEVICE_FAMILY = "1,2";
				TEST_HOST = "$(BUILT_PRODUCTS_DIR)/GameSphere.app/$(BUNDLE_EXECUTABLE_FOLDER_PATH)/GameSphere";
			};
			name = Debug;
		};
		E02A3CCA2A1D3355004D536F /* Release */ = {
			isa = XCBuildConfiguration;
			buildSettings = {
				ALWAYS_EMBED_SWIFT_STANDARD_LIBRARIES = YES;
				BUNDLE_LOADER = "$(TEST_HOST)";
				CODE_SIGN_STYLE = Automatic;
				CURRENT_PROJECT_VERSION = 1;
				GENERATE_INFOPLIST_FILE = YES;
				IPHONEOS_DEPLOYMENT_TARGET = 16.2;
				MARKETING_VERSION = 1.0;
				PRODUCT_BUNDLE_IDENTIFIER = com.phlucasfr.GameSphereTests;
				PRODUCT_NAME = "$(TARGET_NAME)";
				SWIFT_EMIT_LOC_STRINGS = NO;
				SWIFT_VERSION = 5.0;
				TARGETED_DEVICE_FAMILY = "1,2";
				TEST_HOST = "$(BUILT_PRODUCTS_DIR)/GameSphere.app/$(BUNDLE_EXECUTABLE_FOLDER_PATH)/GameSphere";
			};
			name = Release;
		};
		E02A3CCC2A1D3355004D536F /* Debug */ = {
			isa = XCBuildConfiguration;
			buildSettings = {
				ALWAYS_EMBED_SWIFT_STANDARD_LIBRARIES = YES;
				CODE_SIGN_STYLE = Automatic;
				CURRENT_PROJECT_VERSION = 1;
				GENERATE_INFOPLIST_FILE = YES;
				MARKETING_VERSION = 1.0;
				PRODUCT_BUNDLE_IDENTIFIER = com.phlucasfr.GameSphereUITests;
				PRODUCT_NAME = "$(TARGET_NAME)";
				SWIFT_EMIT_LOC_STRINGS = NO;
				SWIFT_VERSION = 5.0;
				TARGETED_DEVICE_FAMILY = "1,2";
				TEST_TARGET_NAME = GameSphere;
			};
			name = Debug;
		};
		E02A3CCD2A1D3355004D536F /* Release */ = {
			isa = XCBuildConfiguration;
			buildSettings = {
				ALWAYS_EMBED_SWIFT_STANDARD_LIBRARIES = YES;
				CODE_SIGN_STYLE = Automatic;
				CURRENT_PROJECT_VERSION = 1;
				GENERATE_INFOPLIST_FILE = YES;
				MARKETING_VERSION = 1.0;
				PRODUCT_BUNDLE_IDENTIFIER = com.phlucasfr.GameSphereUITests;
				PRODUCT_NAME = "$(TARGET_NAME)";
				SWIFT_EMIT_LOC_STRINGS = NO;
				SWIFT_VERSION = 5.0;
				TARGETED_DEVICE_FAMILY = "1,2";
				TEST_TARGET_NAME = GameSphere;
			};
			name = Release;
		};
/* End XCBuildConfiguration section */

/* Begin XCConfigurationList section */
		E02A3C962A1D3354004D536F /* Build configuration list for PBXProject "GameSphere" */ = {
			isa = XCConfigurationList;
			buildConfigurations = (
				E02A3CC32A1D3355004D536F /* Debug */,
				E02A3CC42A1D3355004D536F /* Release */,
			);
			defaultConfigurationIsVisible = 0;
			defaultConfigurationName = Release;
		};
		E02A3CC52A1D3355004D536F /* Build configuration list for PBXNativeTarget "GameSphere" */ = {
			isa = XCConfigurationList;
			buildConfigurations = (
				E02A3CC62A1D3355004D536F /* Debug */,
				E02A3CC72A1D3355004D536F /* Release */,
			);
			defaultConfigurationIsVisible = 0;
			defaultConfigurationName = Release;
		};
		E02A3CC82A1D3355004D536F /* Build configuration list for PBXNativeTarget "GameSphereTests" */ = {
			isa = XCConfigurationList;
			buildConfigurations = (
				E02A3CC92A1D3355004D536F /* Debug */,
				E02A3CCA2A1D3355004D536F /* Release */,
			);
			defaultConfigurationIsVisible = 0;
			defaultConfigurationName = Release;
		};
		E02A3CCB2A1D3355004D536F /* Build configuration list for PBXNativeTarget "GameSphereUITests" */ = {
			isa = XCConfigurationList;
			buildConfigurations = (
				E02A3CCC2A1D3355004D536F /* Debug */,
				E02A3CCD2A1D3355004D536F /* Release */,
			);
			defaultConfigurationIsVisible = 0;
			defaultConfigurationName = Release;
		};
/* End XCConfigurationList section */

/* Begin XCRemoteSwiftPackageReference section */
		E07DFB822A22FFA200C68881 /* XCRemoteSwiftPackageReference "SnapKit" */ = {
			isa = XCRemoteSwiftPackageReference;
			repositoryURL = "https://github.com/SnapKit/SnapKit.git";
			requirement = {
				kind = upToNextMinorVersion;
				minimumVersion = 5.6.0;
			};
		};
/* End XCRemoteSwiftPackageReference section */

/* Begin XCSwiftPackageProductDependency section */
		E07DFB832A22FFA200C68881 /* SnapKit */ = {
			isa = XCSwiftPackageProductDependency;
			package = E07DFB822A22FFA200C68881 /* XCRemoteSwiftPackageReference "SnapKit" */;
			productName = SnapKit;
		};
/* End XCSwiftPackageProductDependency section */
	};
	rootObject = E02A3C932A1D3354004D536F /* Project object */;
}
